
Microsoft Visual Studio Solution File, Format Version 12.00
# Visual Studio Version 17
VisualStudioVersion = 17.0.31919.166
MinimumVisualStudioVersion = 10.0.40219.1
Project("{FAE04EC0-301F-11D3-BF4B-00C04F79EFBC}") = "irf_week09", "irf_week09\irf_week09.csproj", "{1573D144-FF53-4F21-9440-F4F15F394181}"
EndProject
Global
	GlobalSection(SolutionConfigurationPlatforms) = preSolution
		Debug|Any CPU = Debug|Any CPU
		Release|Any CPU = Release|Any CPU
	EndGlobalSection
	GlobalSection(ProjectConfigurationPlatforms) = postSolution
		{1573D144-FF53-4F21-9440-F4F15F394181}.Debug|Any CPU.ActiveCfg = Debug|Any CPU
		{1573D144-FF53-4F21-9440-F4F15F394181}.Debug|Any CPU.Build.0 = Debug|Any CPU
		{1573D144-FF53-4F21-9440-F4F15F394181}.Release|Any CPU.ActiveCfg = Release|Any CPU
		{1573D144-FF53-4F21-9440-F4F15F394181}.Release|Any CPU.Build.0 = Release|Any CPU
	EndGlobalSection
	GlobalSection(SolutionProperties) = preSolution
		HideSolutionNode = FALSE
	EndGlobalSection
	GlobalSection(ExtensibilityGlobals) = postSolution
		SolutionGuid = {5C3299F1-9EC0-4B42-BAB8-878FFEF5DED0}
	EndGlobalSection
EndGlobal
