
Microsoft Visual Studio Solution File, Format Version 12.00
# Visual Studio Version 16
VisualStudioVersion = 16.0.31702.278
MinimumVisualStudioVersion = 10.0.40219.1
Project("{FAE04EC0-301F-11D3-BF4B-00C04F79EFBC}") = "webszolgaltatas.v2", "webszolgaltatas.v2\webszolgaltatas.v2.csproj", "{766AA3D3-3B37-49E2-844F-702F344D9729}"
EndProject
Global
	GlobalSection(SolutionConfigurationPlatforms) = preSolution
		Debug|Any CPU = Debug|Any CPU
		Release|Any CPU = Release|Any CPU
	EndGlobalSection
	GlobalSection(ProjectConfigurationPlatforms) = postSolution
		{766AA3D3-3B37-49E2-844F-702F344D9729}.Debug|Any CPU.ActiveCfg = Debug|Any CPU
		{766AA3D3-3B37-49E2-844F-702F344D9729}.Debug|Any CPU.Build.0 = Debug|Any CPU
		{766AA3D3-3B37-49E2-844F-702F344D9729}.Release|Any CPU.ActiveCfg = Release|Any CPU
		{766AA3D3-3B37-49E2-844F-702F344D9729}.Release|Any CPU.Build.0 = Release|Any CPU
	EndGlobalSection
	GlobalSection(SolutionProperties) = preSolution
		HideSolutionNode = FALSE
	EndGlobalSection
	GlobalSection(ExtensibilityGlobals) = postSolution
		SolutionGuid = {DF0C4660-DCB1-4EDF-8269-07D04C04CA2F}
	EndGlobalSection
EndGlobal
